
Microsoft Visual Studio Solution File, Format Version 12.00
# Visual Studio Version 16
VisualStudioVersion = 16.0.29102.190
MinimumVisualStudioVersion = 10.0.40219.1
Project("{FAE04EC0-301F-11D3-BF4B-00C04F79EFBC}") = "SUMA DE DOS NUMEROS", "SUMA DE DOS NUMEROS\SUMA DE DOS NUMEROS.csproj", "{F1D038F7-DEF3-4839-80C3-0E45905CB2E0}"
EndProject
Global
	GlobalSection(SolutionConfigurationPlatforms) = preSolution
		Debug|Any CPU = Debug|Any CPU
		Release|Any CPU = Release|Any CPU
	EndGlobalSection
	GlobalSection(ProjectConfigurationPlatforms) = postSolution
		{F1D038F7-DEF3-4839-80C3-0E45905CB2E0}.Debug|Any CPU.ActiveCfg = Debug|Any CPU
		{F1D038F7-DEF3-4839-80C3-0E45905CB2E0}.Debug|Any CPU.Build.0 = Debug|Any CPU
		{F1D038F7-DEF3-4839-80C3-0E45905CB2E0}.Release|Any CPU.ActiveCfg = Release|Any CPU
		{F1D038F7-DEF3-4839-80C3-0E45905CB2E0}.Release|Any CPU.Build.0 = Release|Any CPU
	EndGlobalSection
	GlobalSection(SolutionProperties) = preSolution
		HideSolutionNode = FALSE
	EndGlobalSection
	GlobalSection(ExtensibilityGlobals) = postSolution
		SolutionGuid = {DA19D484-A0F6-43BE-80D7-DCD50429D502}
	EndGlobalSection
EndGlobal
